// !$*UTF8*$!
{
	archiveVersion = 1;
	classes = {
	};
	objectVersion = 46;
	objects = {

/* Begin PBXBuildFile section */
		4BC96BBB9EFA6CD18E033246 /* libPods-DHImageKit.a in Frameworks */ = {isa = PBXBuildFile; fileRef = F6AD154790002DF779C08822 /* libPods-DHImageKit.a */; };
		543C8D9D1F5408BC0036CD92 /* DHMoonFilter.h in Headers */ = {isa = PBXBuildFile; fileRef = 543C8D9B1F5408BC0036CD92 /* DHMoonFilter.h */; settings = {ATTRIBUTES = (Public, ); }; };
		543C8D9E1F5408BC0036CD92 /* DHMoonFilter.m in Sources */ = {isa = PBXBuildFile; fileRef = 543C8D9C1F5408BC0036CD92 /* DHMoonFilter.m */; };
		543C8DA51F540C960036CD92 /* DHImageFiltersHelper.h in Headers */ = {isa = PBXBuildFile; fileRef = 543C8DA31F540C960036CD92 /* DHImageFiltersHelper.h */; settings = {ATTRIBUTES = (Public, ); }; };
		543C8DA61F540C960036CD92 /* DHImageFiltersHelper.m in Sources */ = {isa = PBXBuildFile; fileRef = 543C8DA41F540C960036CD92 /* DHImageFiltersHelper.m */; };
		5478858C1F481E4400808C87 /* DHImageColorFilter.h in Headers */ = {isa = PBXBuildFile; fileRef = 547885431F481E4400808C87 /* DHImageColorFilter.h */; settings = {ATTRIBUTES = (Public, ); }; };
		5478858D1F481E4400808C87 /* DHImageColorFilter.m in Sources */ = {isa = PBXBuildFile; fileRef = 547885441F481E4400808C87 /* DHImageColorFilter.m */; };
		5478858E1F481E4400808C87 /* DHImageRotateFilter.h in Headers */ = {isa = PBXBuildFile; fileRef = 547885451F481E4400808C87 /* DHImageRotateFilter.h */; settings = {ATTRIBUTES = (Public, ); }; };
		5478858F1F481E4400808C87 /* DHImageRotateFilter.m in Sources */ = {isa = PBXBuildFile; fileRef = 547885461F481E4400808C87 /* DHImageRotateFilter.m */; };
		547885901F481E4400808C87 /* DHImageStructureFilter.h in Headers */ = {isa = PBXBuildFile; fileRef = 547885471F481E4400808C87 /* DHImageStructureFilter.h */; settings = {ATTRIBUTES = (Public, ); }; };
		547885911F481E4400808C87 /* DHImageStructureFilter.m in Sources */ = {isa = PBXBuildFile; fileRef = 547885481F481E4400808C87 /* DHImageStructureFilter.m */; };
		547885921F481E4400808C87 /* DHLinearTiltShiftFilter.h in Headers */ = {isa = PBXBuildFile; fileRef = 547885491F481E4400808C87 /* DHLinearTiltShiftFilter.h */; settings = {ATTRIBUTES = (Public, ); }; };
		547885931F481E4400808C87 /* DHLinearTiltShiftFilter.m in Sources */ = {isa = PBXBuildFile; fileRef = 5478854A1F481E4400808C87 /* DHLinearTiltShiftFilter.m */; };
		547885941F481E4400808C87 /* DHRadialTiltShiftFilter.h in Headers */ = {isa = PBXBuildFile; fileRef = 5478854B1F481E4400808C87 /* DHRadialTiltShiftFilter.h */; settings = {ATTRIBUTES = (Public, ); }; };
		547885951F481E4400808C87 /* DHRadialTiltShiftFilter.m in Sources */ = {isa = PBXBuildFile; fileRef = 5478854C1F481E4400808C87 /* DHRadialTiltShiftFilter.m */; };
		547885961F481E4400808C87 /* DHTiltShiftFilter.h in Headers */ = {isa = PBXBuildFile; fileRef = 5478854D1F481E4400808C87 /* DHTiltShiftFilter.h */; settings = {ATTRIBUTES = (Public, ); }; };
		547885971F481E4400808C87 /* DHTiltShiftFilter.m in Sources */ = {isa = PBXBuildFile; fileRef = 5478854E1F481E4400808C87 /* DHTiltShiftFilter.m */; };
		547885981F481E4400808C87 /* DHIFFiltersHelper.h in Headers */ = {isa = PBXBuildFile; fileRef = 547885501F481E4400808C87 /* DHIFFiltersHelper.h */; settings = {ATTRIBUTES = (Public, ); }; };
		547885991F481E4400808C87 /* DHIFFiltersHelper.m in Sources */ = {isa = PBXBuildFile; fileRef = 547885511F481E4400808C87 /* DHIFFiltersHelper.m */; };
		5478859A1F481E4400808C87 /* DHImageConstants.h in Headers */ = {isa = PBXBuildFile; fileRef = 547885521F481E4400808C87 /* DHImageConstants.h */; settings = {ATTRIBUTES = (Public, ); }; };
		5478859B1F481E4400808C87 /* DHImageEditor.h in Headers */ = {isa = PBXBuildFile; fileRef = 547885531F481E4400808C87 /* DHImageEditor.h */; settings = {ATTRIBUTES = (Public, ); }; };
		5478859C1F481E4400808C87 /* DHImageEditor.m in Sources */ = {isa = PBXBuildFile; fileRef = 547885541F481E4400808C87 /* DHImageEditor.m */; };
		5478859D1F481E4400808C87 /* DHImageHelper.h in Headers */ = {isa = PBXBuildFile; fileRef = 547885551F481E4400808C87 /* DHImageHelper.h */; settings = {ATTRIBUTES = (Public, ); }; };
		5478859E1F481E4400808C87 /* DHImageHelper.m in Sources */ = {isa = PBXBuildFile; fileRef = 547885561F481E4400808C87 /* DHImageHelper.m */; };
		547885A11F481E4400808C87 /* GPUImageFiveInputFilter.h in Headers */ = {isa = PBXBuildFile; fileRef = 5478855A1F481E4400808C87 /* GPUImageFiveInputFilter.h */; settings = {ATTRIBUTES = (Public, ); }; };
		547885A21F481E4400808C87 /* GPUImageFiveInputFilter.m in Sources */ = {isa = PBXBuildFile; fileRef = 5478855B1F481E4400808C87 /* GPUImageFiveInputFilter.m */; };
		547885A31F481E4400808C87 /* GPUImageFourInputFilter.h in Headers */ = {isa = PBXBuildFile; fileRef = 5478855C1F481E4400808C87 /* GPUImageFourInputFilter.h */; settings = {ATTRIBUTES = (Public, ); }; };
		547885A41F481E4400808C87 /* GPUImageFourInputFilter.m in Sources */ = {isa = PBXBuildFile; fileRef = 5478855D1F481E4400808C87 /* GPUImageFourInputFilter.m */; };
		547885A51F481E4400808C87 /* GPUImageSixInputFilter.h in Headers */ = {isa = PBXBuildFile; fileRef = 5478855E1F481E4400808C87 /* GPUImageSixInputFilter.h */; settings = {ATTRIBUTES = (Public, ); }; };
		547885A61F481E4400808C87 /* GPUImageSixInputFilter.m in Sources */ = {isa = PBXBuildFile; fileRef = 5478855F1F481E4400808C87 /* GPUImageSixInputFilter.m */; };
		547885A71F481E4400808C87 /* IF1977Filter.h in Headers */ = {isa = PBXBuildFile; fileRef = 547885601F481E4400808C87 /* IF1977Filter.h */; settings = {ATTRIBUTES = (Public, ); }; };
		547885A81F481E4400808C87 /* IF1977Filter.m in Sources */ = {isa = PBXBuildFile; fileRef = 547885611F481E4400808C87 /* IF1977Filter.m */; };
		547885A91F481E4400808C87 /* IFAmaroFilter.h in Headers */ = {isa = PBXBuildFile; fileRef = 547885621F481E4400808C87 /* IFAmaroFilter.h */; settings = {ATTRIBUTES = (Public, ); }; };
		547885AA1F481E4400808C87 /* IFAmaroFilter.m in Sources */ = {isa = PBXBuildFile; fileRef = 547885631F481E4400808C87 /* IFAmaroFilter.m */; };
		547885AB1F481E4400808C87 /* IFBrannanFilter.h in Headers */ = {isa = PBXBuildFile; fileRef = 547885641F481E4400808C87 /* IFBrannanFilter.h */; settings = {ATTRIBUTES = (Public, ); }; };
		547885AC1F481E4400808C87 /* IFBrannanFilter.m in Sources */ = {isa = PBXBuildFile; fileRef = 547885651F481E4400808C87 /* IFBrannanFilter.m */; };
		547885AD1F481E4400808C87 /* IFEarlybirdFilter.h in Headers */ = {isa = PBXBuildFile; fileRef = 547885661F481E4400808C87 /* IFEarlybirdFilter.h */; settings = {ATTRIBUTES = (Public, ); }; };
		547885AE1F481E4400808C87 /* IFEarlybirdFilter.m in Sources */ = {isa = PBXBuildFile; fileRef = 547885671F481E4400808C87 /* IFEarlybirdFilter.m */; };
		547885AF1F481E4400808C87 /* IFHefeFilter.h in Headers */ = {isa = PBXBuildFile; fileRef = 547885681F481E4400808C87 /* IFHefeFilter.h */; settings = {ATTRIBUTES = (Public, ); }; };
		547885B01F481E4400808C87 /* IFHefeFilter.m in Sources */ = {isa = PBXBuildFile; fileRef = 547885691F481E4400808C87 /* IFHefeFilter.m */; };
		547885B11F481E4400808C87 /* IFHudsonFilter.h in Headers */ = {isa = PBXBuildFile; fileRef = 5478856A1F481E4400808C87 /* IFHudsonFilter.h */; settings = {ATTRIBUTES = (Public, ); }; };
		547885B21F481E4400808C87 /* IFHudsonFilter.m in Sources */ = {isa = PBXBuildFile; fileRef = 5478856B1F481E4400808C87 /* IFHudsonFilter.m */; };
		547885B31F481E4400808C87 /* IFImageFilter.h in Headers */ = {isa = PBXBuildFile; fileRef = 5478856C1F481E4400808C87 /* IFImageFilter.h */; settings = {ATTRIBUTES = (Public, ); }; };
		547885B41F481E4400808C87 /* IFImageFilter.m in Sources */ = {isa = PBXBuildFile; fileRef = 5478856D1F481E4400808C87 /* IFImageFilter.m */; };
		547885B51F481E4400808C87 /* IFInkwellFilter.h in Headers */ = {isa = PBXBuildFile; fileRef = 5478856E1F481E4400808C87 /* IFInkwellFilter.h */; settings = {ATTRIBUTES = (Public, ); }; };
		547885B61F481E4400808C87 /* IFInkwellFilter.m in Sources */ = {isa = PBXBuildFile; fileRef = 5478856F1F481E4400808C87 /* IFInkwellFilter.m */; };
		547885B71F481E4400808C87 /* IFLomofiFilter.h in Headers */ = {isa = PBXBuildFile; fileRef = 547885701F481E4400808C87 /* IFLomofiFilter.h */; settings = {ATTRIBUTES = (Public, ); }; };
		547885B81F481E4400808C87 /* IFLomofiFilter.m in Sources */ = {isa = PBXBuildFile; fileRef = 547885711F481E4400808C87 /* IFLomofiFilter.m */; };
		547885B91F481E4400808C87 /* IFLordKelvinFilter.h in Headers */ = {isa = PBXBuildFile; fileRef = 547885721F481E4400808C87 /* IFLordKelvinFilter.h */; settings = {ATTRIBUTES = (Public, ); }; };
		547885BA1F481E4400808C87 /* IFLordKelvinFilter.m in Sources */ = {isa = PBXBuildFile; fileRef = 547885731F481E4400808C87 /* IFLordKelvinFilter.m */; };
		547885BB1F481E4400808C87 /* IFNashvilleFilter.h in Headers */ = {isa = PBXBuildFile; fileRef = 547885741F481E4400808C87 /* IFNashvilleFilter.h */; settings = {ATTRIBUTES = (Public, ); }; };
		547885BC1F481E4400808C87 /* IFNashvilleFilter.m in Sources */ = {isa = PBXBuildFile; fileRef = 547885751F481E4400808C87 /* IFNashvilleFilter.m */; };
		547885BD1F481E4400808C87 /* IFNormalFilter.h in Headers */ = {isa = PBXBuildFile; fileRef = 547885761F481E4400808C87 /* IFNormalFilter.h */; settings = {ATTRIBUTES = (Public, ); }; };
		547885BE1F481E4400808C87 /* IFNormalFilter.m in Sources */ = {isa = PBXBuildFile; fileRef = 547885771F481E4400808C87 /* IFNormalFilter.m */; };
		547885BF1F481E4400808C87 /* IFRiseFilter.h in Headers */ = {isa = PBXBuildFile; fileRef = 547885781F481E4400808C87 /* IFRiseFilter.h */; settings = {ATTRIBUTES = (Public, ); }; };
		547885C01F481E4400808C87 /* IFRiseFilter.m in Sources */ = {isa = PBXBuildFile; fileRef = 547885791F481E4400808C87 /* IFRiseFilter.m */; };
		547885C11F481E4400808C87 /* IFSierraFilter.h in Headers */ = {isa = PBXBuildFile; fileRef = 5478857A1F481E4400808C87 /* IFSierraFilter.h */; settings = {ATTRIBUTES = (Public, ); }; };
		547885C21F481E4400808C87 /* IFSierraFilter.m in Sources */ = {isa = PBXBuildFile; fileRef = 5478857B1F481E4400808C87 /* IFSierraFilter.m */; };
		547885C31F481E4400808C87 /* IFSutroFilter.h in Headers */ = {isa = PBXBuildFile; fileRef = 5478857C1F481E4400808C87 /* IFSutroFilter.h */; settings = {ATTRIBUTES = (Public, ); }; };
		547885C41F481E4400808C87 /* IFSutroFilter.m in Sources */ = {isa = PBXBuildFile; fileRef = 5478857D1F481E4400808C87 /* IFSutroFilter.m */; };
		547885C51F481E4400808C87 /* IFToasterFilter.h in Headers */ = {isa = PBXBuildFile; fileRef = 5478857E1F481E4400808C87 /* IFToasterFilter.h */; settings = {ATTRIBUTES = (Public, ); }; };
		547885C61F481E4400808C87 /* IFToasterFilter.m in Sources */ = {isa = PBXBuildFile; fileRef = 5478857F1F481E4400808C87 /* IFToasterFilter.m */; };
		547885C71F481E4400808C87 /* IFValenciaFilter.h in Headers */ = {isa = PBXBuildFile; fileRef = 547885801F481E4400808C87 /* IFValenciaFilter.h */; settings = {ATTRIBUTES = (Public, ); }; };
		547885C81F481E4400808C87 /* IFValenciaFilter.m in Sources */ = {isa = PBXBuildFile; fileRef = 547885811F481E4400808C87 /* IFValenciaFilter.m */; };
		547885C91F481E4400808C87 /* IFWaldenFilter.h in Headers */ = {isa = PBXBuildFile; fileRef = 547885821F481E4400808C87 /* IFWaldenFilter.h */; settings = {ATTRIBUTES = (Public, ); }; };
		547885CA1F481E4400808C87 /* IFWaldenFilter.m in Sources */ = {isa = PBXBuildFile; fileRef = 547885831F481E4400808C87 /* IFWaldenFilter.m */; };
		547885CB1F481E4400808C87 /* IFXproIIFilter.h in Headers */ = {isa = PBXBuildFile; fileRef = 547885841F481E4400808C87 /* IFXproIIFilter.h */; settings = {ATTRIBUTES = (Public, ); }; };
		547885CC1F481E4400808C87 /* IFXproIIFilter.m in Sources */ = {isa = PBXBuildFile; fileRef = 547885851F481E4400808C87 /* IFXproIIFilter.m */; };
		547885CD1F481E4400808C87 /* InstaFilters.h in Headers */ = {isa = PBXBuildFile; fileRef = 547885861F481E4400808C87 /* InstaFilters.h */; settings = {ATTRIBUTES = (Public, ); }; };
		547885CE1F481E4400808C87 /* DHImageOperation.h in Headers */ = {isa = PBXBuildFile; fileRef = 547885881F481E4400808C87 /* DHImageOperation.h */; settings = {ATTRIBUTES = (Public, ); }; };
		547885CF1F481E4400808C87 /* DHImageOperation.m in Sources */ = {isa = PBXBuildFile; fileRef = 547885891F481E4400808C87 /* DHImageOperation.m */; };
		547885D01F481E4400808C87 /* DHImageKit.h in Headers */ = {isa = PBXBuildFile; fileRef = 5478858A1F481E4400808C87 /* DHImageKit.h */; settings = {ATTRIBUTES = (Public, ); }; };
		547885D11F481E4400808C87 /* Info.plist in Resources */ = {isa = PBXBuildFile; fileRef = 5478858B1F481E4400808C87 /* Info.plist */; };
		54FE32DC1F48123E001C7DC4 /* DHImageKit.framework in Frameworks */ = {isa = PBXBuildFile; fileRef = 54FE32D21F48123E001C7DC4 /* DHImageKit.framework */; };
/* End PBXBuildFile section */

/* Begin PBXContainerItemProxy section */
		54FE32DD1F48123E001C7DC4 /* PBXContainerItemProxy */ = {
			isa = PBXContainerItemProxy;
			containerPortal = 54FE32C91F48123E001C7DC4 /* Project object */;
			proxyType = 1;
			remoteGlobalIDString = 54FE32D11F48123E001C7DC4;
			remoteInfo = DHImageKit;
		};
/* End PBXContainerItemProxy section */

/* Begin PBXFileReference section */
		1DEDB71E932B0701134DD9CE /* Pods-DHImageKit.debug.xcconfig */ = {isa = PBXFileReference; includeInIndex = 1; lastKnownFileType = text.xcconfig; name = "Pods-DHImageKit.debug.xcconfig"; path = "Pods/Target Support Files/Pods-DHImageKit/Pods-DHImageKit.debug.xcconfig"; sourceTree = "<group>"; };
		543C8D9B1F5408BC0036CD92 /* DHMoonFilter.h */ = {isa = PBXFileReference; fileEncoding = 4; lastKnownFileType = sourcecode.c.h; path = DHMoonFilter.h; sourceTree = "<group>"; };
		543C8D9C1F5408BC0036CD92 /* DHMoonFilter.m */ = {isa = PBXFileReference; fileEncoding = 4; lastKnownFileType = sourcecode.c.objc; path = DHMoonFilter.m; sourceTree = "<group>"; };
		543C8DA31F540C960036CD92 /* DHImageFiltersHelper.h */ = {isa = PBXFileReference; fileEncoding = 4; lastKnownFileType = sourcecode.c.h; path = DHImageFiltersHelper.h; sourceTree = "<group>"; };
		543C8DA41F540C960036CD92 /* DHImageFiltersHelper.m */ = {isa = PBXFileReference; fileEncoding = 4; lastKnownFileType = sourcecode.c.objc; path = DHImageFiltersHelper.m; sourceTree = "<group>"; };
		547885431F481E4400808C87 /* DHImageColorFilter.h */ = {isa = PBXFileReference; fileEncoding = 4; lastKnownFileType = sourcecode.c.h; path = DHImageColorFilter.h; sourceTree = "<group>"; };
		547885441F481E4400808C87 /* DHImageColorFilter.m */ = {isa = PBXFileReference; fileEncoding = 4; lastKnownFileType = sourcecode.c.objc; path = DHImageColorFilter.m; sourceTree = "<group>"; };
		547885451F481E4400808C87 /* DHImageRotateFilter.h */ = {isa = PBXFileReference; fileEncoding = 4; lastKnownFileType = sourcecode.c.h; path = DHImageRotateFilter.h; sourceTree = "<group>"; };
		547885461F481E4400808C87 /* DHImageRotateFilter.m */ = {isa = PBXFileReference; fileEncoding = 4; lastKnownFileType = sourcecode.c.objc; path = DHImageRotateFilter.m; sourceTree = "<group>"; };
		547885471F481E4400808C87 /* DHImageStructureFilter.h */ = {isa = PBXFileReference; fileEncoding = 4; lastKnownFileType = sourcecode.c.h; path = DHImageStructureFilter.h; sourceTree = "<group>"; };
		547885481F481E4400808C87 /* DHImageStructureFilter.m */ = {isa = PBXFileReference; fileEncoding = 4; lastKnownFileType = sourcecode.c.objc; path = DHImageStructureFilter.m; sourceTree = "<group>"; };
		547885491F481E4400808C87 /* DHLinearTiltShiftFilter.h */ = {isa = PBXFileReference; fileEncoding = 4; lastKnownFileType = sourcecode.c.h; path = DHLinearTiltShiftFilter.h; sourceTree = "<group>"; };
		5478854A1F481E4400808C87 /* DHLinearTiltShiftFilter.m */ = {isa = PBXFileReference; fileEncoding = 4; lastKnownFileType = sourcecode.c.objc; path = DHLinearTiltShiftFilter.m; sourceTree = "<group>"; };
		5478854B1F481E4400808C87 /* DHRadialTiltShiftFilter.h */ = {isa = PBXFileReference; fileEncoding = 4; lastKnownFileType = sourcecode.c.h; path = DHRadialTiltShiftFilter.h; sourceTree = "<group>"; };
		5478854C1F481E4400808C87 /* DHRadialTiltShiftFilter.m */ = {isa = PBXFileReference; fileEncoding = 4; lastKnownFileType = sourcecode.c.objc; path = DHRadialTiltShiftFilter.m; sourceTree = "<group>"; };
		5478854D1F481E4400808C87 /* DHTiltShiftFilter.h */ = {isa = PBXFileReference; fileEncoding = 4; lastKnownFileType = sourcecode.c.h; path = DHTiltShiftFilter.h; sourceTree = "<group>"; };
		5478854E1F481E4400808C87 /* DHTiltShiftFilter.m */ = {isa = PBXFileReference; fileEncoding = 4; lastKnownFileType = sourcecode.c.objc; path = DHTiltShiftFilter.m; sourceTree = "<group>"; };
		547885501F481E4400808C87 /* DHIFFiltersHelper.h */ = {isa = PBXFileReference; fileEncoding = 4; lastKnownFileType = sourcecode.c.h; path = DHIFFiltersHelper.h; sourceTree = "<group>"; };
		547885511F481E4400808C87 /* DHIFFiltersHelper.m */ = {isa = PBXFileReference; fileEncoding = 4; lastKnownFileType = sourcecode.c.objc; path = DHIFFiltersHelper.m; sourceTree = "<group>"; };
		547885521F481E4400808C87 /* DHImageConstants.h */ = {isa = PBXFileReference; fileEncoding = 4; lastKnownFileType = sourcecode.c.h; path = DHImageConstants.h; sourceTree = "<group>"; };
		547885531F481E4400808C87 /* DHImageEditor.h */ = {isa = PBXFileReference; fileEncoding = 4; lastKnownFileType = sourcecode.c.h; path = DHImageEditor.h; sourceTree = "<group>"; };
		547885541F481E4400808C87 /* DHImageEditor.m */ = {isa = PBXFileReference; fileEncoding = 4; lastKnownFileType = sourcecode.c.objc; path = DHImageEditor.m; sourceTree = "<group>"; };
		547885551F481E4400808C87 /* DHImageHelper.h */ = {isa = PBXFileReference; fileEncoding = 4; lastKnownFileType = sourcecode.c.h; path = DHImageHelper.h; sourceTree = "<group>"; };
		547885561F481E4400808C87 /* DHImageHelper.m */ = {isa = PBXFileReference; fileEncoding = 4; lastKnownFileType = sourcecode.c.objc; path = DHImageHelper.m; sourceTree = "<group>"; };
		5478855A1F481E4400808C87 /* GPUImageFiveInputFilter.h */ = {isa = PBXFileReference; fileEncoding = 4; lastKnownFileType = sourcecode.c.h; path = GPUImageFiveInputFilter.h; sourceTree = "<group>"; };
		5478855B1F481E4400808C87 /* GPUImageFiveInputFilter.m */ = {isa = PBXFileReference; fileEncoding = 4; lastKnownFileType = sourcecode.c.objc; path = GPUImageFiveInputFilter.m; sourceTree = "<group>"; };
		5478855C1F481E4400808C87 /* GPUImageFourInputFilter.h */ = {isa = PBXFileReference; fileEncoding = 4; lastKnownFileType = sourcecode.c.h; path = GPUImageFourInputFilter.h; sourceTree = "<group>"; };
		5478855D1F481E4400808C87 /* GPUImageFourInputFilter.m */ = {isa = PBXFileReference; fileEncoding = 4; lastKnownFileType = sourcecode.c.objc; path = GPUImageFourInputFilter.m; sourceTree = "<group>"; };
		5478855E1F481E4400808C87 /* GPUImageSixInputFilter.h */ = {isa = PBXFileReference; fileEncoding = 4; lastKnownFileType = sourcecode.c.h; path = GPUImageSixInputFilter.h; sourceTree = "<group>"; };
		5478855F1F481E4400808C87 /* GPUImageSixInputFilter.m */ = {isa = PBXFileReference; fileEncoding = 4; lastKnownFileType = sourcecode.c.objc; path = GPUImageSixInputFilter.m; sourceTree = "<group>"; };
		547885601F481E4400808C87 /* IF1977Filter.h */ = {isa = PBXFileReference; fileEncoding = 4; lastKnownFileType = sourcecode.c.h; path = IF1977Filter.h; sourceTree = "<group>"; };
		547885611F481E4400808C87 /* IF1977Filter.m */ = {isa = PBXFileReference; fileEncoding = 4; lastKnownFileType = sourcecode.c.objc; path = IF1977Filter.m; sourceTree = "<group>"; };
		547885621F481E4400808C87 /* IFAmaroFilter.h */ = {isa = PBXFileReference; fileEncoding = 4; lastKnownFileType = sourcecode.c.h; path = IFAmaroFilter.h; sourceTree = "<group>"; };
		547885631F481E4400808C87 /* IFAmaroFilter.m */ = {isa = PBXFileReference; fileEncoding = 4; lastKnownFileType = sourcecode.c.objc; path = IFAmaroFilter.m; sourceTree = "<group>"; };
		547885641F481E4400808C87 /* IFBrannanFilter.h */ = {isa = PBXFileReference; fileEncoding = 4; lastKnownFileType = sourcecode.c.h; path = IFBrannanFilter.h; sourceTree = "<group>"; };
		547885651F481E4400808C87 /* IFBrannanFilter.m */ = {isa = PBXFileReference; fileEncoding = 4; lastKnownFileType = sourcecode.c.objc; path = IFBrannanFilter.m; sourceTree = "<group>"; };
		547885661F481E4400808C87 /* IFEarlybirdFilter.h */ = {isa = PBXFileReference; fileEncoding = 4; lastKnownFileType = sourcecode.c.h; path = IFEarlybirdFilter.h; sourceTree = "<group>"; };
		547885671F481E4400808C87 /* IFEarlybirdFilter.m */ = {isa = PBXFileReference; fileEncoding = 4; lastKnownFileType = sourcecode.c.objc; path = IFEarlybirdFilter.m; sourceTree = "<group>"; };
		547885681F481E4400808C87 /* IFHefeFilter.h */ = {isa = PBXFileReference; fileEncoding = 4; lastKnownFileType = sourcecode.c.h; path = IFHefeFilter.h; sourceTree = "<group>"; };
		547885691F481E4400808C87 /* IFHefeFilter.m */ = {isa = PBXFileReference; fileEncoding = 4; lastKnownFileType = sourcecode.c.objc; path = IFHefeFilter.m; sourceTree = "<group>"; };
		5478856A1F481E4400808C87 /* IFHudsonFilter.h */ = {isa = PBXFileReference; fileEncoding = 4; lastKnownFileType = sourcecode.c.h; path = IFHudsonFilter.h; sourceTree = "<group>"; };
		5478856B1F481E4400808C87 /* IFHudsonFilter.m */ = {isa = PBXFileReference; fileEncoding = 4; lastKnownFileType = sourcecode.c.objc; path = IFHudsonFilter.m; sourceTree = "<group>"; };
		5478856C1F481E4400808C87 /* IFImageFilter.h */ = {isa = PBXFileReference; fileEncoding = 4; lastKnownFileType = sourcecode.c.h; path = IFImageFilter.h; sourceTree = "<group>"; };
		5478856D1F481E4400808C87 /* IFImageFilter.m */ = {isa = PBXFileReference; fileEncoding = 4; lastKnownFileType = sourcecode.c.objc; path = IFImageFilter.m; sourceTree = "<group>"; };
		5478856E1F481E4400808C87 /* IFInkwellFilter.h */ = {isa = PBXFileReference; fileEncoding = 4; lastKnownFileType = sourcecode.c.h; path = IFInkwellFilter.h; sourceTree = "<group>"; };
		5478856F1F481E4400808C87 /* IFInkwellFilter.m */ = {isa = PBXFileReference; fileEncoding = 4; lastKnownFileType = sourcecode.c.objc; path = IFInkwellFilter.m; sourceTree = "<group>"; };
		547885701F481E4400808C87 /* IFLomofiFilter.h */ = {isa = PBXFileReference; fileEncoding = 4; lastKnownFileType = sourcecode.c.h; path = IFLomofiFilter.h; sourceTree = "<group>"; };
		547885711F481E4400808C87 /* IFLomofiFilter.m */ = {isa = PBXFileReference; fileEncoding = 4; lastKnownFileType = sourcecode.c.objc; path = IFLomofiFilter.m; sourceTree = "<group>"; };
		547885721F481E4400808C87 /* IFLordKelvinFilter.h */ = {isa = PBXFileReference; fileEncoding = 4; lastKnownFileType = sourcecode.c.h; path = IFLordKelvinFilter.h; sourceTree = "<group>"; };
		547885731F481E4400808C87 /* IFLordKelvinFilter.m */ = {isa = PBXFileReference; fileEncoding = 4; lastKnownFileType = sourcecode.c.objc; path = IFLordKelvinFilter.m; sourceTree = "<group>"; };
		547885741F481E4400808C87 /* IFNashvilleFilter.h */ = {isa = PBXFileReference; fileEncoding = 4; lastKnownFileType = sourcecode.c.h; path = IFNashvilleFilter.h; sourceTree = "<group>"; };
		547885751F481E4400808C87 /* IFNashvilleFilter.m */ = {isa = PBXFileReference; fileEncoding = 4; lastKnownFileType = sourcecode.c.objc; path = IFNashvilleFilter.m; sourceTree = "<group>"; };
		547885761F481E4400808C87 /* IFNormalFilter.h */ = {isa = PBXFileReference; fileEncoding = 4; lastKnownFileType = sourcecode.c.h; path = IFNormalFilter.h; sourceTree = "<group>"; };
		547885771F481E4400808C87 /* IFNormalFilter.m */ = {isa = PBXFileReference; fileEncoding = 4; lastKnownFileType = sourcecode.c.objc; path = IFNormalFilter.m; sourceTree = "<group>"; };
		547885781F481E4400808C87 /* IFRiseFilter.h */ = {isa = PBXFileReference; fileEncoding = 4; lastKnownFileType = sourcecode.c.h; path = IFRiseFilter.h; sourceTree = "<group>"; };
		547885791F481E4400808C87 /* IFRiseFilter.m */ = {isa = PBXFileReference; fileEncoding = 4; lastKnownFileType = sourcecode.c.objc; path = IFRiseFilter.m; sourceTree = "<group>"; };
		5478857A1F481E4400808C87 /* IFSierraFilter.h */ = {isa = PBXFileReference; fileEncoding = 4; lastKnownFileType = sourcecode.c.h; path = IFSierraFilter.h; sourceTree = "<group>"; };
		5478857B1F481E4400808C87 /* IFSierraFilter.m */ = {isa = PBXFileReference; fileEncoding = 4; lastKnownFileType = sourcecode.c.objc; path = IFSierraFilter.m; sourceTree = "<group>"; };
		5478857C1F481E4400808C87 /* IFSutroFilter.h */ = {isa = PBXFileReference; fileEncoding = 4; lastKnownFileType = sourcecode.c.h; path = IFSutroFilter.h; sourceTree = "<group>"; };
		5478857D1F481E4400808C87 /* IFSutroFilter.m */ = {isa = PBXFileReference; fileEncoding = 4; lastKnownFileType = sourcecode.c.objc; path = IFSutroFilter.m; sourceTree = "<group>"; };
		5478857E1F481E4400808C87 /* IFToasterFilter.h */ = {isa = PBXFileReference; fileEncoding = 4; lastKnownFileType = sourcecode.c.h; path = IFToasterFilter.h; sourceTree = "<group>"; };
		5478857F1F481E4400808C87 /* IFToasterFilter.m */ = {isa = PBXFileReference; fileEncoding = 4; lastKnownFileType = sourcecode.c.objc; path = IFToasterFilter.m; sourceTree = "<group>"; };
		547885801F481E4400808C87 /* IFValenciaFilter.h */ = {isa = PBXFileReference; fileEncoding = 4; lastKnownFileType = sourcecode.c.h; path = IFValenciaFilter.h; sourceTree = "<group>"; };
		547885811F481E4400808C87 /* IFValenciaFilter.m */ = {isa = PBXFileReference; fileEncoding = 4; lastKnownFileType = sourcecode.c.objc; path = IFValenciaFilter.m; sourceTree = "<group>"; };
		547885821F481E4400808C87 /* IFWaldenFilter.h */ = {isa = PBXFileReference; fileEncoding = 4; lastKnownFileType = sourcecode.c.h; path = IFWaldenFilter.h; sourceTree = "<group>"; };
		547885831F481E4400808C87 /* IFWaldenFilter.m */ = {isa = PBXFileReference; fileEncoding = 4; lastKnownFileType = sourcecode.c.objc; path = IFWaldenFilter.m; sourceTree = "<group>"; };
		547885841F481E4400808C87 /* IFXproIIFilter.h */ = {isa = PBXFileReference; fileEncoding = 4; lastKnownFileType = sourcecode.c.h; path = IFXproIIFilter.h; sourceTree = "<group>"; };
		547885851F481E4400808C87 /* IFXproIIFilter.m */ = {isa = PBXFileReference; fileEncoding = 4; lastKnownFileType = sourcecode.c.objc; path = IFXproIIFilter.m; sourceTree = "<group>"; };
		547885861F481E4400808C87 /* InstaFilters.h */ = {isa = PBXFileReference; fileEncoding = 4; lastKnownFileType = sourcecode.c.h; path = InstaFilters.h; sourceTree = "<group>"; };
		547885881F481E4400808C87 /* DHImageOperation.h */ = {isa = PBXFileReference; fileEncoding = 4; lastKnownFileType = sourcecode.c.h; path = DHImageOperation.h; sourceTree = "<group>"; };
		547885891F481E4400808C87 /* DHImageOperation.m */ = {isa = PBXFileReference; fileEncoding = 4; lastKnownFileType = sourcecode.c.objc; path = DHImageOperation.m; sourceTree = "<group>"; };
		5478858A1F481E4400808C87 /* DHImageKit.h */ = {isa = PBXFileReference; fileEncoding = 4; lastKnownFileType = sourcecode.c.h; name = DHImageKit.h; path = Classes/Source/DHImageKit.h; sourceTree = "<group>"; };
		5478858B1F481E4400808C87 /* Info.plist */ = {isa = PBXFileReference; fileEncoding = 4; lastKnownFileType = text.plist.xml; name = Info.plist; path = Classes/Source/Info.plist; sourceTree = "<group>"; };
		54FE32D21F48123E001C7DC4 /* DHImageKit.framework */ = {isa = PBXFileReference; explicitFileType = wrapper.framework; includeInIndex = 0; path = DHImageKit.framework; sourceTree = BUILT_PRODUCTS_DIR; };
		54FE32DB1F48123E001C7DC4 /* DHImageKitTests.xctest */ = {isa = PBXFileReference; explicitFileType = wrapper.cfbundle; includeInIndex = 0; path = DHImageKitTests.xctest; sourceTree = BUILT_PRODUCTS_DIR; };
		56F737120C6D5D4F0ED1B23B /* Pods-DHImageKit.release.xcconfig */ = {isa = PBXFileReference; includeInIndex = 1; lastKnownFileType = text.xcconfig; name = "Pods-DHImageKit.release.xcconfig"; path = "Pods/Target Support Files/Pods-DHImageKit/Pods-DHImageKit.release.xcconfig"; sourceTree = "<group>"; };
		F6AD154790002DF779C08822 /* libPods-DHImageKit.a */ = {isa = PBXFileReference; explicitFileType = archive.ar; includeInIndex = 0; path = "libPods-DHImageKit.a"; sourceTree = BUILT_PRODUCTS_DIR; };
/* End PBXFileReference section */

/* Begin PBXFrameworksBuildPhase section */
		54FE32CE1F48123E001C7DC4 /* Frameworks */ = {
			isa = PBXFrameworksBuildPhase;
			buildActionMask = 2147483647;
			files = (
				4BC96BBB9EFA6CD18E033246 /* libPods-DHImageKit.a in Frameworks */,
			);
			runOnlyForDeploymentPostprocessing = 0;
		};
		54FE32D81F48123E001C7DC4 /* Frameworks */ = {
			isa = PBXFrameworksBuildPhase;
			buildActionMask = 2147483647;
			files = (
				54FE32DC1F48123E001C7DC4 /* DHImageKit.framework in Frameworks */,
			);
			runOnlyForDeploymentPostprocessing = 0;
		};
/* End PBXFrameworksBuildPhase section */

/* Begin PBXGroup section */
		12D406ABAAFFECCE76EF48B0 /* Frameworks */ = {
			isa = PBXGroup;
			children = (
				F6AD154790002DF779C08822 /* libPods-DHImageKit.a */,
			);
			name = Frameworks;
			sourceTree = "<group>";
		};
		543C8D961F5405750036CD92 /* DHFilters */ = {
			isa = PBXGroup;
			children = (
				543C8D9B1F5408BC0036CD92 /* DHMoonFilter.h */,
				543C8D9C1F5408BC0036CD92 /* DHMoonFilter.m */,
				543C8DA31F540C960036CD92 /* DHImageFiltersHelper.h */,
				543C8DA41F540C960036CD92 /* DHImageFiltersHelper.m */,
			);
			path = DHFilters;
			sourceTree = "<group>";
		};
		547885411F481E4400808C87 /* DHImageKit */ = {
			isa = PBXGroup;
			children = (
				547885421F481E4400808C87 /* ComponentFilter */,
				5478854F1F481E4400808C87 /* ComponentFilterUI */,
				547885501F481E4400808C87 /* DHIFFiltersHelper.h */,
				547885511F481E4400808C87 /* DHIFFiltersHelper.m */,
				547885521F481E4400808C87 /* DHImageConstants.h */,
				547885531F481E4400808C87 /* DHImageEditor.h */,
				547885541F481E4400808C87 /* DHImageEditor.m */,
				547885551F481E4400808C87 /* DHImageHelper.h */,
				547885561F481E4400808C87 /* DHImageHelper.m */,
				543C8D961F5405750036CD92 /* DHFilters */,
				547885581F481E4400808C87 /* IFFilters */,
				547885871F481E4400808C87 /* UndoManager */,
			);
			name = DHImageKit;
			path = Classes/Source/DHImageKit;
			sourceTree = "<group>";
		};
		547885421F481E4400808C87 /* ComponentFilter */ = {
			isa = PBXGroup;
			children = (
				547885431F481E4400808C87 /* DHImageColorFilter.h */,
				547885441F481E4400808C87 /* DHImageColorFilter.m */,
				547885451F481E4400808C87 /* DHImageRotateFilter.h */,
				547885461F481E4400808C87 /* DHImageRotateFilter.m */,
				547885471F481E4400808C87 /* DHImageStructureFilter.h */,
				547885481F481E4400808C87 /* DHImageStructureFilter.m */,
				547885491F481E4400808C87 /* DHLinearTiltShiftFilter.h */,
				5478854A1F481E4400808C87 /* DHLinearTiltShiftFilter.m */,
				5478854B1F481E4400808C87 /* DHRadialTiltShiftFilter.h */,
				5478854C1F481E4400808C87 /* DHRadialTiltShiftFilter.m */,
				5478854D1F481E4400808C87 /* DHTiltShiftFilter.h */,
				5478854E1F481E4400808C87 /* DHTiltShiftFilter.m */,
			);
			path = ComponentFilter;
			sourceTree = "<group>";
		};
		5478854F1F481E4400808C87 /* ComponentFilterUI */ = {
			isa = PBXGroup;
			children = (
			);
			path = ComponentFilterUI;
			sourceTree = "<group>";
		};
		547885581F481E4400808C87 /* IFFilters */ = {
			isa = PBXGroup;
			children = (
				5478855A1F481E4400808C87 /* GPUImageFiveInputFilter.h */,
				5478855B1F481E4400808C87 /* GPUImageFiveInputFilter.m */,
				5478855C1F481E4400808C87 /* GPUImageFourInputFilter.h */,
				5478855D1F481E4400808C87 /* GPUImageFourInputFilter.m */,
				5478855E1F481E4400808C87 /* GPUImageSixInputFilter.h */,
				5478855F1F481E4400808C87 /* GPUImageSixInputFilter.m */,
				547885601F481E4400808C87 /* IF1977Filter.h */,
				547885611F481E4400808C87 /* IF1977Filter.m */,
				547885621F481E4400808C87 /* IFAmaroFilter.h */,
				547885631F481E4400808C87 /* IFAmaroFilter.m */,
				547885641F481E4400808C87 /* IFBrannanFilter.h */,
				547885651F481E4400808C87 /* IFBrannanFilter.m */,
				547885661F481E4400808C87 /* IFEarlybirdFilter.h */,
				547885671F481E4400808C87 /* IFEarlybirdFilter.m */,
				547885681F481E4400808C87 /* IFHefeFilter.h */,
				547885691F481E4400808C87 /* IFHefeFilter.m */,
				5478856A1F481E4400808C87 /* IFHudsonFilter.h */,
				5478856B1F481E4400808C87 /* IFHudsonFilter.m */,
				5478856C1F481E4400808C87 /* IFImageFilter.h */,
				5478856D1F481E4400808C87 /* IFImageFilter.m */,
				5478856E1F481E4400808C87 /* IFInkwellFilter.h */,
				5478856F1F481E4400808C87 /* IFInkwellFilter.m */,
				547885701F481E4400808C87 /* IFLomofiFilter.h */,
				547885711F481E4400808C87 /* IFLomofiFilter.m */,
				547885721F481E4400808C87 /* IFLordKelvinFilter.h */,
				547885731F481E4400808C87 /* IFLordKelvinFilter.m */,
				547885741F481E4400808C87 /* IFNashvilleFilter.h */,
				547885751F481E4400808C87 /* IFNashvilleFilter.m */,
				547885761F481E4400808C87 /* IFNormalFilter.h */,
				547885771F481E4400808C87 /* IFNormalFilter.m */,
				547885781F481E4400808C87 /* IFRiseFilter.h */,
				547885791F481E4400808C87 /* IFRiseFilter.m */,
				5478857A1F481E4400808C87 /* IFSierraFilter.h */,
				5478857B1F481E4400808C87 /* IFSierraFilter.m */,
				5478857C1F481E4400808C87 /* IFSutroFilter.h */,
				5478857D1F481E4400808C87 /* IFSutroFilter.m */,
				5478857E1F481E4400808C87 /* IFToasterFilter.h */,
				5478857F1F481E4400808C87 /* IFToasterFilter.m */,
				547885801F481E4400808C87 /* IFValenciaFilter.h */,
				547885811F481E4400808C87 /* IFValenciaFilter.m */,
				547885821F481E4400808C87 /* IFWaldenFilter.h */,
				547885831F481E4400808C87 /* IFWaldenFilter.m */,
				547885841F481E4400808C87 /* IFXproIIFilter.h */,
				547885851F481E4400808C87 /* IFXproIIFilter.m */,
				547885861F481E4400808C87 /* InstaFilters.h */,
			);
			path = IFFilters;
			sourceTree = "<group>";
		};
		547885871F481E4400808C87 /* UndoManager */ = {
			isa = PBXGroup;
			children = (
				547885881F481E4400808C87 /* DHImageOperation.h */,
				547885891F481E4400808C87 /* DHImageOperation.m */,
			);
			path = UndoManager;
			sourceTree = "<group>";
		};
		54FE32C81F48123E001C7DC4 = {
			isa = PBXGroup;
			children = (
				547885411F481E4400808C87 /* DHImageKit */,
				5478858A1F481E4400808C87 /* DHImageKit.h */,
				5478858B1F481E4400808C87 /* Info.plist */,
				54FE32D31F48123E001C7DC4 /* Products */,
				9BE7B8376D46E3541BF3323E /* Pods */,
				12D406ABAAFFECCE76EF48B0 /* Frameworks */,
			);
			sourceTree = "<group>";
		};
		54FE32D31F48123E001C7DC4 /* Products */ = {
			isa = PBXGroup;
			children = (
				54FE32D21F48123E001C7DC4 /* DHImageKit.framework */,
				54FE32DB1F48123E001C7DC4 /* DHImageKitTests.xctest */,
			);
			name = Products;
			sourceTree = "<group>";
		};
		9BE7B8376D46E3541BF3323E /* Pods */ = {
			isa = PBXGroup;
			children = (
				1DEDB71E932B0701134DD9CE /* Pods-DHImageKit.debug.xcconfig */,
				56F737120C6D5D4F0ED1B23B /* Pods-DHImageKit.release.xcconfig */,
			);
			name = Pods;
			sourceTree = "<group>";
		};
/* End PBXGroup section */

/* Begin PBXHeadersBuildPhase section */
		54FE32CF1F48123E001C7DC4 /* Headers */ = {
			isa = PBXHeadersBuildPhase;
			buildActionMask = 2147483647;
			files = (
				543C8D9D1F5408BC0036CD92 /* DHMoonFilter.h in Headers */,
				5478859B1F481E4400808C87 /* DHImageEditor.h in Headers */,
				547885AF1F481E4400808C87 /* IFHefeFilter.h in Headers */,
				547885981F481E4400808C87 /* DHIFFiltersHelper.h in Headers */,
				547885C11F481E4400808C87 /* IFSierraFilter.h in Headers */,
				547885CD1F481E4400808C87 /* InstaFilters.h in Headers */,
				547885A11F481E4400808C87 /* GPUImageFiveInputFilter.h in Headers */,
				547885BF1F481E4400808C87 /* IFRiseFilter.h in Headers */,
				5478859D1F481E4400808C87 /* DHImageHelper.h in Headers */,
				547885A31F481E4400808C87 /* GPUImageFourInputFilter.h in Headers */,
				547885941F481E4400808C87 /* DHRadialTiltShiftFilter.h in Headers */,
				547885C51F481E4400808C87 /* IFToasterFilter.h in Headers */,
				547885BD1F481E4400808C87 /* IFNormalFilter.h in Headers */,
				5478858C1F481E4400808C87 /* DHImageColorFilter.h in Headers */,
				547885A71F481E4400808C87 /* IF1977Filter.h in Headers */,
				547885B71F481E4400808C87 /* IFLomofiFilter.h in Headers */,
				547885961F481E4400808C87 /* DHTiltShiftFilter.h in Headers */,
				5478859A1F481E4400808C87 /* DHImageConstants.h in Headers */,
				547885BB1F481E4400808C87 /* IFNashvilleFilter.h in Headers */,
				547885A91F481E4400808C87 /* IFAmaroFilter.h in Headers */,
				547885C71F481E4400808C87 /* IFValenciaFilter.h in Headers */,
				5478858E1F481E4400808C87 /* DHImageRotateFilter.h in Headers */,
				547885D01F481E4400808C87 /* DHImageKit.h in Headers */,
				547885AB1F481E4400808C87 /* IFBrannanFilter.h in Headers */,
				547885AD1F481E4400808C87 /* IFEarlybirdFilter.h in Headers */,
				547885CB1F481E4400808C87 /* IFXproIIFilter.h in Headers */,
				547885901F481E4400808C87 /* DHImageStructureFilter.h in Headers */,
				547885921F481E4400808C87 /* DHLinearTiltShiftFilter.h in Headers */,
				547885CE1F481E4400808C87 /* DHImageOperation.h in Headers */,
				547885B31F481E4400808C87 /* IFImageFilter.h in Headers */,
				547885B91F481E4400808C87 /* IFLordKelvinFilter.h in Headers */,
				547885B11F481E4400808C87 /* IFHudsonFilter.h in Headers */,
				547885A51F481E4400808C87 /* GPUImageSixInputFilter.h in Headers */,
				547885B51F481E4400808C87 /* IFInkwellFilter.h in Headers */,
				547885C31F481E4400808C87 /* IFSutroFilter.h in Headers */,
				547885C91F481E4400808C87 /* IFWaldenFilter.h in Headers */,
				543C8DA51F540C960036CD92 /* DHImageFiltersHelper.h in Headers */,
			);
			runOnlyForDeploymentPostprocessing = 0;
		};
/* End PBXHeadersBuildPhase section */

/* Begin PBXNativeTarget section */
		54FE32D11F48123E001C7DC4 /* DHImageKit */ = {
			isa = PBXNativeTarget;
			buildConfigurationList = 54FE32E61F48123E001C7DC4 /* Build configuration list for PBXNativeTarget "DHImageKit" */;
			buildPhases = (
				B12AC9D7F13DAAEEB2DC53EA /* [CP] Check Pods Manifest.lock */,
				54FE32CD1F48123E001C7DC4 /* Sources */,
				54FE32CE1F48123E001C7DC4 /* Frameworks */,
				54FE32CF1F48123E001C7DC4 /* Headers */,
				54FE32D01F48123E001C7DC4 /* Resources */,
				F7E98D564A1BCEB6DB7EC35B /* [CP] Copy Pods Resources */,
			);
			buildRules = (
			);
			dependencies = (
			);
			name = DHImageKit;
			productName = DHImageKit;
			productReference = 54FE32D21F48123E001C7DC4 /* DHImageKit.framework */;
			productType = "com.apple.product-type.framework";
		};
		54FE32DA1F48123E001C7DC4 /* DHImageKitTests */ = {
			isa = PBXNativeTarget;
			buildConfigurationList = 54FE32E91F48123E001C7DC4 /* Build configuration list for PBXNativeTarget "DHImageKitTests" */;
			buildPhases = (
				54FE32D71F48123E001C7DC4 /* Sources */,
				54FE32D81F48123E001C7DC4 /* Frameworks */,
				54FE32D91F48123E001C7DC4 /* Resources */,
			);
			buildRules = (
			);
			dependencies = (
				54FE32DE1F48123E001C7DC4 /* PBXTargetDependency */,
			);
			name = DHImageKitTests;
			productName = DHImageKitTests;
			productReference = 54FE32DB1F48123E001C7DC4 /* DHImageKitTests.xctest */;
			productType = "com.apple.product-type.bundle.unit-test";
		};
/* End PBXNativeTarget section */

/* Begin PBXProject section */
		54FE32C91F48123E001C7DC4 /* Project object */ = {
			isa = PBXProject;
			attributes = {
				LastUpgradeCheck = 0830;
				ORGANIZATIONNAME = "Huang Hongsen";
				TargetAttributes = {
					54FE32D11F48123E001C7DC4 = {
						CreatedOnToolsVersion = 8.3.3;
						DevelopmentTeam = 69JC3H46Q9;
						ProvisioningStyle = Automatic;
					};
					54FE32DA1F48123E001C7DC4 = {
						CreatedOnToolsVersion = 8.3.3;
						DevelopmentTeam = 69JC3H46Q9;
						ProvisioningStyle = Automatic;
					};
				};
			};
			buildConfigurationList = 54FE32CC1F48123E001C7DC4 /* Build configuration list for PBXProject "DHImageKit" */;
			compatibilityVersion = "Xcode 3.2";
			developmentRegion = English;
			hasScannedForEncodings = 0;
			knownRegions = (
				en,
			);
			mainGroup = 54FE32C81F48123E001C7DC4;
			productRefGroup = 54FE32D31F48123E001C7DC4 /* Products */;
			projectDirPath = "";
			projectRoot = "";
			targets = (
				54FE32D11F48123E001C7DC4 /* DHImageKit */,
				54FE32DA1F48123E001C7DC4 /* DHImageKitTests */,
			);
		};
/* End PBXProject section */

/* Begin PBXResourcesBuildPhase section */
		54FE32D01F48123E001C7DC4 /* Resources */ = {
			isa = PBXResourcesBuildPhase;
			buildActionMask = 2147483647;
			files = (
				547885D11F481E4400808C87 /* Info.plist in Resources */,
			);
			runOnlyForDeploymentPostprocessing = 0;
		};
		54FE32D91F48123E001C7DC4 /* Resources */ = {
			isa = PBXResourcesBuildPhase;
			buildActionMask = 2147483647;
			files = (
			);
			runOnlyForDeploymentPostprocessing = 0;
		};
/* End PBXResourcesBuildPhase section */

/* Begin PBXShellScriptBuildPhase section */
		B12AC9D7F13DAAEEB2DC53EA /* [CP] Check Pods Manifest.lock */ = {
			isa = PBXShellScriptBuildPhase;
			buildActionMask = 2147483647;
			files = (
			);
			inputPaths = (
			);
			name = "[CP] Check Pods Manifest.lock";
			outputPaths = (
			);
			runOnlyForDeploymentPostprocessing = 0;
			shellPath = /bin/sh;
			shellScript = "diff \"${PODS_PODFILE_DIR_PATH}/Podfile.lock\" \"${PODS_ROOT}/Manifest.lock\" > /dev/null\nif [ $? != 0 ] ; then\n    # print error to STDERR\n    echo \"error: The sandbox is not in sync with the Podfile.lock. Run 'pod install' or update your CocoaPods installation.\" >&2\n    exit 1\nfi\n";
			showEnvVarsInLog = 0;
		};
		F7E98D564A1BCEB6DB7EC35B /* [CP] Copy Pods Resources */ = {
			isa = PBXShellScriptBuildPhase;
			buildActionMask = 2147483647;
			files = (
			);
			inputPaths = (
			);
			name = "[CP] Copy Pods Resources";
			outputPaths = (
			);
			runOnlyForDeploymentPostprocessing = 0;
			shellPath = /bin/sh;
			shellScript = "\"${SRCROOT}/Pods/Target Support Files/Pods-DHImageKit/Pods-DHImageKit-resources.sh\"\n";
			showEnvVarsInLog = 0;
		};
/* End PBXShellScriptBuildPhase section */

/* Begin PBXSourcesBuildPhase section */
		54FE32CD1F48123E001C7DC4 /* Sources */ = {
			isa = PBXSourcesBuildPhase;
			buildActionMask = 2147483647;
			files = (
				547885A61F481E4400808C87 /* GPUImageSixInputFilter.m in Sources */,
				547885C81F481E4400808C87 /* IFValenciaFilter.m in Sources */,
				547885BE1F481E4400808C87 /* IFNormalFilter.m in Sources */,
				547885AE1F481E4400808C87 /* IFEarlybirdFilter.m in Sources */,
				5478859C1F481E4400808C87 /* DHImageEditor.m in Sources */,
				547885AC1F481E4400808C87 /* IFBrannanFilter.m in Sources */,
				547885BA1F481E4400808C87 /* IFLordKelvinFilter.m in Sources */,
				547885951F481E4400808C87 /* DHRadialTiltShiftFilter.m in Sources */,
				547885AA1F481E4400808C87 /* IFAmaroFilter.m in Sources */,
				547885991F481E4400808C87 /* DHIFFiltersHelper.m in Sources */,
				547885B61F481E4400808C87 /* IFInkwellFilter.m in Sources */,
				547885B81F481E4400808C87 /* IFLomofiFilter.m in Sources */,
				547885B21F481E4400808C87 /* IFHudsonFilter.m in Sources */,
				547885CF1F481E4400808C87 /* DHImageOperation.m in Sources */,
				547885CA1F481E4400808C87 /* IFWaldenFilter.m in Sources */,
				547885A21F481E4400808C87 /* GPUImageFiveInputFilter.m in Sources */,
				5478859E1F481E4400808C87 /* DHImageHelper.m in Sources */,
				543C8DA61F540C960036CD92 /* DHImageFiltersHelper.m in Sources */,
				547885C41F481E4400808C87 /* IFSutroFilter.m in Sources */,
				547885A81F481E4400808C87 /* IF1977Filter.m in Sources */,
				547885931F481E4400808C87 /* DHLinearTiltShiftFilter.m in Sources */,
				547885C01F481E4400808C87 /* IFRiseFilter.m in Sources */,
				547885911F481E4400808C87 /* DHImageStructureFilter.m in Sources */,
				547885B01F481E4400808C87 /* IFHefeFilter.m in Sources */,
				547885A41F481E4400808C87 /* GPUImageFourInputFilter.m in Sources */,
				547885CC1F481E4400808C87 /* IFXproIIFilter.m in Sources */,
				5478858F1F481E4400808C87 /* DHImageRotateFilter.m in Sources */,
				5478858D1F481E4400808C87 /* DHImageColorFilter.m in Sources */,
				547885C61F481E4400808C87 /* IFToasterFilter.m in Sources */,
				547885C21F481E4400808C87 /* IFSierraFilter.m in Sources */,
				543C8D9E1F5408BC0036CD92 /* DHMoonFilter.m in Sources */,
				547885BC1F481E4400808C87 /* IFNashvilleFilter.m in Sources */,
				547885B41F481E4400808C87 /* IFImageFilter.m in Sources */,
				547885971F481E4400808C87 /* DHTiltShiftFilter.m in Sources */,
			);
			runOnlyForDeploymentPostprocessing = 0;
		};
		54FE32D71F48123E001C7DC4 /* Sources */ = {
			isa = PBXSourcesBuildPhase;
			buildActionMask = 2147483647;
			files = (
			);
			runOnlyForDeploymentPostprocessing = 0;
		};
/* End PBXSourcesBuildPhase section */

/* Begin PBXTargetDependency section */
		54FE32DE1F48123E001C7DC4 /* PBXTargetDependency */ = {
			isa = PBXTargetDependency;
			target = 54FE32D11F48123E001C7DC4 /* DHImageKit */;
			targetProxy = 54FE32DD1F48123E001C7DC4 /* PBXContainerItemProxy */;
		};
/* End PBXTargetDependency section */

/* Begin XCBuildConfiguration section */
		54FE32E41F48123E001C7DC4 /* Debug */ = {
			isa = XCBuildConfiguration;
			buildSettings = {
				ALWAYS_SEARCH_USER_PATHS = NO;
				CLANG_ANALYZER_NONNULL = YES;
				CLANG_ANALYZER_NUMBER_OBJECT_CONVERSION = YES_AGGRESSIVE;
				CLANG_CXX_LANGUAGE_STANDARD = "gnu++0x";
				CLANG_CXX_LIBRARY = "libc++";
				CLANG_ENABLE_MODULES = YES;
				CLANG_ENABLE_OBJC_ARC = YES;
				CLANG_WARN_BOOL_CONVERSION = YES;
				CLANG_WARN_CONSTANT_CONVERSION = YES;
				CLANG_WARN_DIRECT_OBJC_ISA_USAGE = YES_ERROR;
				CLANG_WARN_DOCUMENTATION_COMMENTS = YES;
				CLANG_WARN_EMPTY_BODY = YES;
				CLANG_WARN_ENUM_CONVERSION = YES;
				CLANG_WARN_INFINITE_RECURSION = YES;
				CLANG_WARN_INT_CONVERSION = YES;
				CLANG_WARN_OBJC_ROOT_CLASS = YES_ERROR;
				CLANG_WARN_SUSPICIOUS_MOVE = YES;
				CLANG_WARN_UNREACHABLE_CODE = YES;
				CLANG_WARN__DUPLICATE_METHOD_MATCH = YES;
				"CODE_SIGN_IDENTITY[sdk=iphoneos*]" = "iPhone Developer";
				COPY_PHASE_STRIP = NO;
				CURRENT_PROJECT_VERSION = 1;
				DEBUG_INFORMATION_FORMAT = dwarf;
				ENABLE_STRICT_OBJC_MSGSEND = YES;
				ENABLE_TESTABILITY = YES;
				GCC_C_LANGUAGE_STANDARD = gnu99;
				GCC_DYNAMIC_NO_PIC = NO;
				GCC_NO_COMMON_BLOCKS = YES;
				GCC_OPTIMIZATION_LEVEL = 0;
				GCC_PREPROCESSOR_DEFINITIONS = (
					"DEBUG=1",
					"$(inherited)",
				);
				GCC_WARN_64_TO_32_BIT_CONVERSION = YES;
				GCC_WARN_ABOUT_RETURN_TYPE = YES_ERROR;
				GCC_WARN_UNDECLARED_SELECTOR = YES;
				GCC_WARN_UNINITIALIZED_AUTOS = YES_AGGRESSIVE;
				GCC_WARN_UNUSED_FUNCTION = YES;
				GCC_WARN_UNUSED_VARIABLE = YES;
				IPHONEOS_DEPLOYMENT_TARGET = 10.3;
				MTL_ENABLE_DEBUG_INFO = YES;
				ONLY_ACTIVE_ARCH = YES;
				SDKROOT = iphoneos;
				TARGETED_DEVICE_FAMILY = "1,2";
				VERSIONING_SYSTEM = "apple-generic";
				VERSION_INFO_PREFIX = "";
			};
			name = Debug;
		};
		54FE32E51F48123E001C7DC4 /* Release */ = {
			isa = XCBuildConfiguration;
			buildSettings = {
				ALWAYS_SEARCH_USER_PATHS = NO;
				CLANG_ANALYZER_NONNULL = YES;
				CLANG_ANALYZER_NUMBER_OBJECT_CONVERSION = YES_AGGRESSIVE;
				CLANG_CXX_LANGUAGE_STANDARD = "gnu++0x";
				CLANG_CXX_LIBRARY = "libc++";
				CLANG_ENABLE_MODULES = YES;
				CLANG_ENABLE_OBJC_ARC = YES;
				CLANG_WARN_BOOL_CONVERSION = YES;
				CLANG_WARN_CONSTANT_CONVERSION = YES;
				CLANG_WARN_DIRECT_OBJC_ISA_USAGE = YES_ERROR;
				CLANG_WARN_DOCUMENTATION_COMMENTS = YES;
				CLANG_WARN_EMPTY_BODY = YES;
				CLANG_WARN_ENUM_CONVERSION = YES;
				CLANG_WARN_INFINITE_RECURSION = YES;
				CLANG_WARN_INT_CONVERSION = YES;
				CLANG_WARN_OBJC_ROOT_CLASS = YES_ERROR;
				CLANG_WARN_SUSPICIOUS_MOVE = YES;
				CLANG_WARN_UNREACHABLE_CODE = YES;
				CLANG_WARN__DUPLICATE_METHOD_MATCH = YES;
				"CODE_SIGN_IDENTITY[sdk=iphoneos*]" = "iPhone Developer";
				COPY_PHASE_STRIP = NO;
				CURRENT_PROJECT_VERSION = 1;
				DEBUG_INFORMATION_FORMAT = "dwarf-with-dsym";
				ENABLE_NS_ASSERTIONS = NO;
				ENABLE_STRICT_OBJC_MSGSEND = YES;
				GCC_C_LANGUAGE_STANDARD = gnu99;
				GCC_NO_COMMON_BLOCKS = YES;
				GCC_WARN_64_TO_32_BIT_CONVERSION = YES;
				GCC_WARN_ABOUT_RETURN_TYPE = YES_ERROR;
				GCC_WARN_UNDECLARED_SELECTOR = YES;
				GCC_WARN_UNINITIALIZED_AUTOS = YES_AGGRESSIVE;
				GCC_WARN_UNUSED_FUNCTION = YES;
				GCC_WARN_UNUSED_VARIABLE = YES;
				IPHONEOS_DEPLOYMENT_TARGET = 10.3;
				MTL_ENABLE_DEBUG_INFO = NO;
				SDKROOT = iphoneos;
				TARGETED_DEVICE_FAMILY = "1,2";
				VALIDATE_PRODUCT = YES;
				VERSIONING_SYSTEM = "apple-generic";
				VERSION_INFO_PREFIX = "";
			};
			name = Release;
		};
		54FE32E71F48123E001C7DC4 /* Debug */ = {
			isa = XCBuildConfiguration;
			baseConfigurationReference = 1DEDB71E932B0701134DD9CE /* Pods-DHImageKit.debug.xcconfig */;
			buildSettings = {
				CODE_SIGN_IDENTITY = "";
				DEFINES_MODULE = YES;
				DEVELOPMENT_TEAM = 69JC3H46Q9;
				DYLIB_COMPATIBILITY_VERSION = 1;
				DYLIB_CURRENT_VERSION = 1;
				DYLIB_INSTALL_NAME_BASE = "@rpath";
				INFOPLIST_FILE = "$(SRCROOT)/Classes/Source/Info.plist";
				INSTALL_PATH = "$(LOCAL_LIBRARY_DIR)/Frameworks";
				IPHONEOS_DEPLOYMENT_TARGET = 8.0;
				LD_RUNPATH_SEARCH_PATHS = "$(inherited) @executable_path/Frameworks @loader_path/Frameworks";
				PRODUCT_BUNDLE_IDENTIFIER = cn.huanghongsen.DHImageKit;
				PRODUCT_NAME = "$(TARGET_NAME)";
				SKIP_INSTALL = YES;
			};
			name = Debug;
		};
		54FE32E81F48123E001C7DC4 /* Release */ = {
			isa = XCBuildConfiguration;
			baseConfigurationReference = 56F737120C6D5D4F0ED1B23B /* Pods-DHImageKit.release.xcconfig */;
			buildSettings = {
				CODE_SIGN_IDENTITY = "";
				DEFINES_MODULE = YES;
				DEVELOPMENT_TEAM = 69JC3H46Q9;
				DYLIB_COMPATIBILITY_VERSION = 1;
				DYLIB_CURRENT_VERSION = 1;
				DYLIB_INSTALL_NAME_BASE = "@rpath";
				INFOPLIST_FILE = "$(SRCROOT)/Classes/Source/Info.plist";
				INSTALL_PATH = "$(LOCAL_LIBRARY_DIR)/Frameworks";
				IPHONEOS_DEPLOYMENT_TARGET = 8.0;
				LD_RUNPATH_SEARCH_PATHS = "$(inherited) @executable_path/Frameworks @loader_path/Frameworks";
				PRODUCT_BUNDLE_IDENTIFIER = cn.huanghongsen.DHImageKit;
				PRODUCT_NAME = "$(TARGET_NAME)";
				SKIP_INSTALL = YES;
			};
			name = Release;
		};
		54FE32EA1F48123E001C7DC4 /* Debug */ = {
			isa = XCBuildConfiguration;
			buildSettings = {
				DEVELOPMENT_TEAM = 69JC3H46Q9;
				INFOPLIST_FILE = DHImageKitTests/Info.plist;
				LD_RUNPATH_SEARCH_PATHS = "$(inherited) @executable_path/Frameworks @loader_path/Frameworks";
				PRODUCT_BUNDLE_IDENTIFIER = cn.huanghongsen.DHImageKitTests;
				PRODUCT_NAME = "$(TARGET_NAME)";
			};
			name = Debug;
		};
		54FE32EB1F48123E001C7DC4 /* Release */ = {
			isa = XCBuildConfiguration;
			buildSettings = {
				DEVELOPMENT_TEAM = 69JC3H46Q9;
				INFOPLIST_FILE = DHImageKitTests/Info.plist;
				LD_RUNPATH_SEARCH_PATHS = "$(inherited) @executable_path/Frameworks @loader_path/Frameworks";
				PRODUCT_BUNDLE_IDENTIFIER = cn.huanghongsen.DHImageKitTests;
				PRODUCT_NAME = "$(TARGET_NAME)";
			};
			name = Release;
		};
/* End XCBuildConfiguration section */

/* Begin XCConfigurationList section */
		54FE32CC1F48123E001C7DC4 /* Build configuration list for PBXProject "DHImageKit" */ = {
			isa = XCConfigurationList;
			buildConfigurations = (
				54FE32E41F48123E001C7DC4 /* Debug */,
				54FE32E51F48123E001C7DC4 /* Release */,
			);
			defaultConfigurationIsVisible = 0;
			defaultConfigurationName = Release;
		};
		54FE32E61F48123E001C7DC4 /* Build configuration list for PBXNativeTarget "DHImageKit" */ = {
			isa = XCConfigurationList;
			buildConfigurations = (
				54FE32E71F48123E001C7DC4 /* Debug */,
				54FE32E81F48123E001C7DC4 /* Release */,
			);
			defaultConfigurationIsVisible = 0;
			defaultConfigurationName = Release;
		};
		54FE32E91F48123E001C7DC4 /* Build configuration list for PBXNativeTarget "DHImageKitTests" */ = {
			isa = XCConfigurationList;
			buildConfigurations = (
				54FE32EA1F48123E001C7DC4 /* Debug */,
				54FE32EB1F48123E001C7DC4 /* Release */,
			);
			defaultConfigurationIsVisible = 0;
			defaultConfigurationName = Release;
		};
/* End XCConfigurationList section */
	};
	rootObject = 54FE32C91F48123E001C7DC4 /* Project object */;
}
