PODS:
  - DHImageKit (1.0.0):
    - GPUImage
  - GPUImage (0.1.7)

DEPENDENCIES:
  - DHImageKit (from `../..`)

EXTERNAL SOURCES:
  DHImageKit:
    :path: ../..

SPEC CHECKSUMS:
  DHImageKit: 13cbb44855aa5d62b7c273f711a052484c10348c
  GPUImage: 733a5f0fab92df9de1c37ba9df520a833ccb406d

PODFILE CHECKSUM: 4f32a52a7189b50fbd75b207bdf6c3761b04160c

COCOAPODS: 1.2.1
